
Microsoft Visual Studio Solution File, Format Version 12.00
# Visual Studio Version 17
VisualStudioVersion = 17.1.32414.318
MinimumVisualStudioVersion = 10.0.40219.1
Project("{9A19103F-16F7-4668-BE54-9A1E7A4F7556}") = "FilmsLibrary", "FilmsLibrary\FilmsLibrary.csproj", "{6E12432E-1351-4C2C-A067-FA979E387AC2}"
EndProject
Project("{9A19103F-16F7-4668-BE54-9A1E7A4F7556}") = "FilmsLibrary.Models.Sql", "FIlmsLibrary.Models.Sql\FilmsLibrary.Models.Sql.csproj", "{0F8BE2BB-CA9E-4149-BC6C-5FE74803EA4D}"
EndProject
Project("{9A19103F-16F7-4668-BE54-9A1E7A4F7556}") = "FilmsLibrary.Models.Domain", "FilmsLibrary.Models.Domain\FilmsLibrary.Models.Domain.csproj", "{8BA8D11A-708A-47BF-8851-2FE5CF8B2FC8}"
EndProject
Project("{9A19103F-16F7-4668-BE54-9A1E7A4F7556}") = "FilmsLibrary.Models.Contracts", "FilmsLibrary.Models.Contracts\FilmsLibrary.Models.Contracts.csproj", "{C4187B60-8713-4E3B-B92C-E4C5D5B003DF}"
EndProject
Project("{9A19103F-16F7-4668-BE54-9A1E7A4F7556}") = "FilmsLibrary.SqlRepository", "FilmsLibrary.SqlRepository\FilmsLibrary.SqlRepository.csproj", "{F3D72AAC-863B-43FF-B84E-D7D26170D26F}"
EndProject
Project("{9A19103F-16F7-4668-BE54-9A1E7A4F7556}") = "FilmsLibrary.Application", "FilmsLibrary.Application\FilmsLibrary.Application.csproj", "{172DACAC-D43C-46BB-9625-377C7C0B2E8D}"
EndProject
Project("{9A19103F-16F7-4668-BE54-9A1E7A4F7556}") = "FilmsLibrary.Infrastructure", "FilmsLibrary.Infrastructure\FilmsLibrary.Infrastructure.csproj", "{9239A2BB-79E8-47DA-8FEE-B9B595B2AC84}"
EndProject
Project("{2150E333-8FDC-42A3-9474-1A3956D46DE8}") = "Models", "Models", "{F9240747-4627-430B-A0F5-84F3C49EB60B}"
EndProject
Project("{2150E333-8FDC-42A3-9474-1A3956D46DE8}") = "Tests", "Tests", "{BE656021-12AE-4B8F-B83C-3C27D08404BC}"
EndProject
Project("{FAE04EC0-301F-11D3-BF4B-00C04F79EFBC}") = "FilmsLibrary.Tests", "FilmsLibrary.Tests\FilmsLibrary.Tests.csproj", "{0FDADFB6-CCD3-4840-ACF0-796ACEF69EE3}"
EndProject
Global
	GlobalSection(SolutionConfigurationPlatforms) = preSolution
		Debug|Any CPU = Debug|Any CPU
		Release|Any CPU = Release|Any CPU
	EndGlobalSection
	GlobalSection(ProjectConfigurationPlatforms) = postSolution
		{6E12432E-1351-4C2C-A067-FA979E387AC2}.Debug|Any CPU.ActiveCfg = Debug|Any CPU
		{6E12432E-1351-4C2C-A067-FA979E387AC2}.Debug|Any CPU.Build.0 = Debug|Any CPU
		{6E12432E-1351-4C2C-A067-FA979E387AC2}.Release|Any CPU.ActiveCfg = Release|Any CPU
		{6E12432E-1351-4C2C-A067-FA979E387AC2}.Release|Any CPU.Build.0 = Release|Any CPU
		{0F8BE2BB-CA9E-4149-BC6C-5FE74803EA4D}.Debug|Any CPU.ActiveCfg = Debug|Any CPU
		{0F8BE2BB-CA9E-4149-BC6C-5FE74803EA4D}.Debug|Any CPU.Build.0 = Debug|Any CPU
		{0F8BE2BB-CA9E-4149-BC6C-5FE74803EA4D}.Release|Any CPU.ActiveCfg = Release|Any CPU
		{0F8BE2BB-CA9E-4149-BC6C-5FE74803EA4D}.Release|Any CPU.Build.0 = Release|Any CPU
		{8BA8D11A-708A-47BF-8851-2FE5CF8B2FC8}.Debug|Any CPU.ActiveCfg = Debug|Any CPU
		{8BA8D11A-708A-47BF-8851-2FE5CF8B2FC8}.Debug|Any CPU.Build.0 = Debug|Any CPU
		{8BA8D11A-708A-47BF-8851-2FE5CF8B2FC8}.Release|Any CPU.ActiveCfg = Release|Any CPU
		{8BA8D11A-708A-47BF-8851-2FE5CF8B2FC8}.Release|Any CPU.Build.0 = Release|Any CPU
		{C4187B60-8713-4E3B-B92C-E4C5D5B003DF}.Debug|Any CPU.ActiveCfg = Debug|Any CPU
		{C4187B60-8713-4E3B-B92C-E4C5D5B003DF}.Debug|Any CPU.Build.0 = Debug|Any CPU
		{C4187B60-8713-4E3B-B92C-E4C5D5B003DF}.Release|Any CPU.ActiveCfg = Release|Any CPU
		{C4187B60-8713-4E3B-B92C-E4C5D5B003DF}.Release|Any CPU.Build.0 = Release|Any CPU
		{F3D72AAC-863B-43FF-B84E-D7D26170D26F}.Debug|Any CPU.ActiveCfg = Debug|Any CPU
		{F3D72AAC-863B-43FF-B84E-D7D26170D26F}.Debug|Any CPU.Build.0 = Debug|Any CPU
		{F3D72AAC-863B-43FF-B84E-D7D26170D26F}.Release|Any CPU.ActiveCfg = Release|Any CPU
		{F3D72AAC-863B-43FF-B84E-D7D26170D26F}.Release|Any CPU.Build.0 = Release|Any CPU
		{172DACAC-D43C-46BB-9625-377C7C0B2E8D}.Debug|Any CPU.ActiveCfg = Debug|Any CPU
		{172DACAC-D43C-46BB-9625-377C7C0B2E8D}.Debug|Any CPU.Build.0 = Debug|Any CPU
		{172DACAC-D43C-46BB-9625-377C7C0B2E8D}.Release|Any CPU.ActiveCfg = Release|Any CPU
		{172DACAC-D43C-46BB-9625-377C7C0B2E8D}.Release|Any CPU.Build.0 = Release|Any CPU
		{9239A2BB-79E8-47DA-8FEE-B9B595B2AC84}.Debug|Any CPU.ActiveCfg = Debug|Any CPU
		{9239A2BB-79E8-47DA-8FEE-B9B595B2AC84}.Debug|Any CPU.Build.0 = Debug|Any CPU
		{9239A2BB-79E8-47DA-8FEE-B9B595B2AC84}.Release|Any CPU.ActiveCfg = Release|Any CPU
		{9239A2BB-79E8-47DA-8FEE-B9B595B2AC84}.Release|Any CPU.Build.0 = Release|Any CPU
		{0FDADFB6-CCD3-4840-ACF0-796ACEF69EE3}.Debug|Any CPU.ActiveCfg = Debug|Any CPU
		{0FDADFB6-CCD3-4840-ACF0-796ACEF69EE3}.Debug|Any CPU.Build.0 = Debug|Any CPU
		{0FDADFB6-CCD3-4840-ACF0-796ACEF69EE3}.Release|Any CPU.ActiveCfg = Release|Any CPU
		{0FDADFB6-CCD3-4840-ACF0-796ACEF69EE3}.Release|Any CPU.Build.0 = Release|Any CPU
	EndGlobalSection
	GlobalSection(SolutionProperties) = preSolution
		HideSolutionNode = FALSE
	EndGlobalSection
	GlobalSection(NestedProjects) = preSolution
		{0F8BE2BB-CA9E-4149-BC6C-5FE74803EA4D} = {F9240747-4627-430B-A0F5-84F3C49EB60B}
		{8BA8D11A-708A-47BF-8851-2FE5CF8B2FC8} = {F9240747-4627-430B-A0F5-84F3C49EB60B}
		{C4187B60-8713-4E3B-B92C-E4C5D5B003DF} = {F9240747-4627-430B-A0F5-84F3C49EB60B}
		{0FDADFB6-CCD3-4840-ACF0-796ACEF69EE3} = {BE656021-12AE-4B8F-B83C-3C27D08404BC}
	EndGlobalSection
	GlobalSection(ExtensibilityGlobals) = postSolution
		SolutionGuid = {41635024-E923-4670-AB2D-CC03CD94ED20}
	EndGlobalSection
EndGlobal
